
Microsoft Visual Studio Solution File, Format Version 12.00
Project("{FAE04EC0-301F-11D3-BF4B-00C04F79EFBC}") = "UnderstandingTypes", "UnderstandingTypes.csproj", "{964CD82E-F7E0-4CB5-A6E8-DBF020F8735D}"
EndProject
Global
	GlobalSection(SolutionConfigurationPlatforms) = preSolution
		Debug|Any CPU = Debug|Any CPU
		Release|Any CPU = Release|Any CPU
	EndGlobalSection
	GlobalSection(ProjectConfigurationPlatforms) = postSolution
		{964CD82E-F7E0-4CB5-A6E8-DBF020F8735D}.Debug|Any CPU.ActiveCfg = Debug|Any CPU
		{964CD82E-F7E0-4CB5-A6E8-DBF020F8735D}.Debug|Any CPU.Build.0 = Debug|Any CPU
		{964CD82E-F7E0-4CB5-A6E8-DBF020F8735D}.Release|Any CPU.ActiveCfg = Release|Any CPU
		{964CD82E-F7E0-4CB5-A6E8-DBF020F8735D}.Release|Any CPU.Build.0 = Release|Any CPU
	EndGlobalSection
EndGlobal
